
Microsoft Visual Studio Solution File, Format Version 12.00
# Visual Studio Version 16
VisualStudioVersion = 16.0.30517.126
MinimumVisualStudioVersion = 10.0.40219.1
Project("{FAE04EC0-301F-11D3-BF4B-00C04F79EFBC}") = "ConsoleApp1", "ConsoleApp1\ConsoleApp1.csproj", "{31885746-9109-491D-B08E-BD5234E61245}"
EndProject
Global
	GlobalSection(SolutionConfigurationPlatforms) = preSolution
		Debug|Any CPU = Debug|Any CPU
		Release|Any CPU = Release|Any CPU
	EndGlobalSection
	GlobalSection(ProjectConfigurationPlatforms) = postSolution
		{31885746-9109-491D-B08E-BD5234E61245}.Debug|Any CPU.ActiveCfg = Debug|Any CPU
		{31885746-9109-491D-B08E-BD5234E61245}.Debug|Any CPU.Build.0 = Debug|Any CPU
		{31885746-9109-491D-B08E-BD5234E61245}.Release|Any CPU.ActiveCfg = Release|Any CPU
		{31885746-9109-491D-B08E-BD5234E61245}.Release|Any CPU.Build.0 = Release|Any CPU
	EndGlobalSection
	GlobalSection(SolutionProperties) = preSolution
		HideSolutionNode = FALSE
	EndGlobalSection
	GlobalSection(ExtensibilityGlobals) = postSolution
		SolutionGuid = {229F1AB1-BD6F-424F-BA56-D3ACC38958CE}
	EndGlobalSection
EndGlobal
